lockfileVersion: '9.0'

settings:
  autoInstallPeers: true
  excludeLinksFromLockfile: false

importers:

  .:
    devDependencies:
      '@pg-nano/node':
        specifier: workspace:^
        version: link:../node
      '@types/node':
        specifier: ^22.5.1
        version: 22.5.1
      mri:
        specifier: ^1.2.0
        version: 1.2.0
      pg-nano:
        specifier: workspace:@pg-nano/core@^
        version: link:../core

packages:

  '@types/node@22.5.1':
    resolution: {integrity: sha512-KkHsxej0j9IW1KKOOAA/XBA0z08UFSrRQHErzEfA3Vgq57eXIMYboIlHJuYIfd+lwCQjtKqUu3UnmKbtUc9yRw==}

  mri@1.2.0:
    resolution: {integrity: sha512-tzzskb3bG8LvYGFF/mDTpq3jpI6Q9wc3LEmBaghu+DdCssd1FakN7Bc0hVNmEyGq1bq3RgfkCb3cmQLpNPOroA==}
    engines: {node: '>=4'}

  undici-types@6.19.8:
    resolution: {integrity: sha512-ve2KP6f/JnbPBFyobGHuerC9g1FYGn/F8n1LWTwNxCEzd6IfqTwUQcNXgEtmmQ6DlRrC1hrSrBnCZPokRrDHjw==}

snapshots:

  '@types/node@22.5.1':
    dependencies:
      undici-types: 6.19.8

  mri@1.2.0: {}

  undici-types@6.19.8: {}
