lockfileVersion: '9.0'

settings:
  autoInstallPeers: true
  excludeLinksFromLockfile: false

overrides:
  debug: ^4.3.6

importers:

  .:
    dependencies:
      '@pg-nano/plugin-crud':
        specifier: workspace:*
        version: link:../../plugins/crud
      pg-nano:
        specifier: workspace:*
        version: link:../..
