lockfileVersion: '9.0'

settings:
  autoInstallPeers: true
  excludeLinksFromLockfile: false

importers:

  .:
    dependencies:
      '@pg-nano/plugin-crud':
        specifier: workspace:*
        version: link:../../plugins/crud
      '@pg-nano/plugin-typebox':
        specifier: workspace:*
        version: link:../../plugins/typebox
      pg-nano:
        specifier: workspace:*
        version: link:../..
    devDependencies:
      magic-string:
        specifier: ^0.30.11
        version: 0.30.11
      tinyspawn:
        specifier: ^1.3.3
        version: 1.3.3

packages:

  '@jridgewell/sourcemap-codec@1.5.0':
    resolution: {integrity: sha512-gv3ZRaISU3fjPAgNsriBRqGWQL6quFx04YMPW/zD8XMLsU32mhCCbfbO6KZFLjvYpCZ8zyDEgqsgf+PwPaM7GQ==}

  magic-string@0.30.11:
    resolution: {integrity: sha512-+Wri9p0QHMy+545hKww7YAu5NyzF8iomPL/RQazugQ9+Ez4Ic3mERMd8ZTX5rfK944j+560ZJi8iAwgak1Ac7A==}

  tinyspawn@1.3.3:
    resolution: {integrity: sha512-CvvMFgecnQMyg59nOnAD5O4lV83cVj2ooDniJ3j2bYvMajqlK4wQ13k6OUHfA+J5nkInTxbSGJv2olUJIiAtJg==}
    engines: {node: '>= 18'}

snapshots:

  '@jridgewell/sourcemap-codec@1.5.0': {}

  magic-string@0.30.11:
    dependencies:
      '@jridgewell/sourcemap-codec': 1.5.0

  tinyspawn@1.3.3: {}
