lockfileVersion: '9.0'

settings:
  autoInstallPeers: true
  excludeLinksFromLockfile: false

importers:

  .:
    devDependencies:
      pg-native:
        specifier: workspace:^
        version: link:../../packages/pg-native
      postgres-composite:
        specifier: workspace:^
        version: link:../../packages/postgres-composite
