lockfileVersion: '9.0'

settings:
  autoInstallPeers: true
  excludeLinksFromLockfile: false

importers:

  .:
    dependencies:
      option-types:
        specifier: ^1.0.0
        version: 1.0.0
    devDependencies:
      postgres-array:
        specifier: workspace:^
        version: link:../postgres-array
      postgres-bytea:
        specifier: workspace:^
        version: link:../postgres-bytea
      postgres-composite:
        specifier: workspace:^
        version: link:../postgres-composite
      postgres-date:
        specifier: workspace:^
        version: link:../postgres-date
      postgres-interval:
        specifier: workspace:^
        version: link:../postgres-interval
      postgres-range:
        specifier: workspace:^
        version: link:../postgres-range

packages:

  option-types@1.0.0:
    resolution: {integrity: sha512-JBDFMXv8zGSOTescwlW7IrE4mNTl3o4QAUr9Bia3UKOxoZQGqoV+DsNHwCsSwAMDX+8nt73C3zpRwvCpcOP0ww==}

snapshots:

  option-types@1.0.0: {}
